{
  "name": "aa",
  "version": "1.0.0",
  "lockfileVersion": 1,
  "requires": true,
  "dependencies": {
    "rus_roulette": {
      "version": "1.0.4",
      "resolved": "https://registry.npmjs.org/rus_roulette/-/rus_roulette-1.0.4.tgz",
      "integrity": "sha512-hCxOlNo/tLs3SR18+yBtksmxSZ2yB2hnYi5zYcBeoq1Eht8F0jzZwzLwq/rpl4I10PDIpyn8kgj9wvSkYGWEWQ=="
    }
  }
}
